
Microsoft Visual Studio Solution File, Format Version 12.00
# Visual Studio Version 16
VisualStudioVersion = 16.0.33529.622
MinimumVisualStudioVersion = 10.0.40219.1
Project("{9A19103F-16F7-4668-BE54-9A1E7A4F7556}") = "Servicios.api.Libreria", "Servicios.api.Libreria\Servicios.api.Libreria.csproj", "{8D43D49F-F7F2-4F80-AFD0-B785AB1DF3EA}"
EndProject
Project("{9A19103F-16F7-4668-BE54-9A1E7A4F7556}") = "Servicios.api.Seguridad", "Servicios.api.Seguridad\Servicios.api.Seguridad.csproj", "{55CB72FF-CE92-4F24-92C6-9DBC74E57046}"
EndProject
Project("{FAE04EC0-301F-11D3-BF4B-00C04F79EFBC}") = "Servicios.api.Gateway", "Servicios.api.Gateway\Servicios.api.Gateway.csproj", "{2F1CEFA5-7998-4316-99B2-A1790F493967}"
EndProject
Global
	GlobalSection(SolutionConfigurationPlatforms) = preSolution
		Debug|Any CPU = Debug|Any CPU
		Release|Any CPU = Release|Any CPU
	EndGlobalSection
	GlobalSection(ProjectConfigurationPlatforms) = postSolution
		{8D43D49F-F7F2-4F80-AFD0-B785AB1DF3EA}.Debug|Any CPU.ActiveCfg = Debug|Any CPU
		{8D43D49F-F7F2-4F80-AFD0-B785AB1DF3EA}.Debug|Any CPU.Build.0 = Debug|Any CPU
		{8D43D49F-F7F2-4F80-AFD0-B785AB1DF3EA}.Release|Any CPU.ActiveCfg = Release|Any CPU
		{8D43D49F-F7F2-4F80-AFD0-B785AB1DF3EA}.Release|Any CPU.Build.0 = Release|Any CPU
		{55CB72FF-CE92-4F24-92C6-9DBC74E57046}.Debug|Any CPU.ActiveCfg = Debug|Any CPU
		{55CB72FF-CE92-4F24-92C6-9DBC74E57046}.Debug|Any CPU.Build.0 = Debug|Any CPU
		{55CB72FF-CE92-4F24-92C6-9DBC74E57046}.Release|Any CPU.ActiveCfg = Release|Any CPU
		{55CB72FF-CE92-4F24-92C6-9DBC74E57046}.Release|Any CPU.Build.0 = Release|Any CPU
		{2F1CEFA5-7998-4316-99B2-A1790F493967}.Debug|Any CPU.ActiveCfg = Debug|Any CPU
		{2F1CEFA5-7998-4316-99B2-A1790F493967}.Debug|Any CPU.Build.0 = Debug|Any CPU
		{2F1CEFA5-7998-4316-99B2-A1790F493967}.Release|Any CPU.ActiveCfg = Release|Any CPU
		{2F1CEFA5-7998-4316-99B2-A1790F493967}.Release|Any CPU.Build.0 = Release|Any CPU
	EndGlobalSection
	GlobalSection(SolutionProperties) = preSolution
		HideSolutionNode = FALSE
	EndGlobalSection
	GlobalSection(ExtensibilityGlobals) = postSolution
		SolutionGuid = {9DAA215C-59BB-4A9A-823F-73BCAE2EFD64}
	EndGlobalSection
EndGlobal
